
Microsoft Visual Studio Solution File, Format Version 12.00
# Visual Studio Version 17
VisualStudioVersion = 17.14.36202.13 d17.14
MinimumVisualStudioVersion = 10.0.40219.1
Project("{FAE04EC0-301F-11D3-BF4B-00C04F79EFBC}") = "SixthDayTsk", "SixthDayTsk\SixthDayTsk.csproj", "{D31BD4A7-1607-4D6C-ABFB-AF9CCCA9EAE5}"
EndProject
Global
	GlobalSection(SolutionConfigurationPlatforms) = preSolution
		Debug|Any CPU = Debug|Any CPU
		Release|Any CPU = Release|Any CPU
	EndGlobalSection
	GlobalSection(ProjectConfigurationPlatforms) = postSolution
		{D31BD4A7-1607-4D6C-ABFB-AF9CCCA9EAE5}.Debug|Any CPU.ActiveCfg = Debug|Any CPU
		{D31BD4A7-1607-4D6C-ABFB-AF9CCCA9EAE5}.Debug|Any CPU.Build.0 = Debug|Any CPU
		{D31BD4A7-1607-4D6C-ABFB-AF9CCCA9EAE5}.Release|Any CPU.ActiveCfg = Release|Any CPU
		{D31BD4A7-1607-4D6C-ABFB-AF9CCCA9EAE5}.Release|Any CPU.Build.0 = Release|Any CPU
	EndGlobalSection
	GlobalSection(SolutionProperties) = preSolution
		HideSolutionNode = FALSE
	EndGlobalSection
	GlobalSection(ExtensibilityGlobals) = postSolution
		SolutionGuid = {145E4FDD-488E-4DC0-A742-C0703ED908CD}
	EndGlobalSection
EndGlobal
